// !$*UTF8*$!
{
	archiveVersion = 1;
	classes = {
	};
	objectVersion = 46;
	objects = {

/* Begin PBXBuildFile section */
		CD1A983A1CD0BD770035BB8B /* main.m in Sources */ = {isa = PBXBuildFile; fileRef = CD1A98391CD0BD770035BB8B /* main.m */; };
/* End PBXBuildFile section */

/* Begin PBXCopyFilesBuildPhase section */
		CD1A98341CD0BD770035BB8B /* CopyFiles */ = {
			isa = PBXCopyFilesBuildPhase;
			buildActionMask = 2147483647;
			dstPath = /usr/share/man/man1/;
			dstSubfolderSpec = 0;
			files = (
			);
			runOnlyForDeploymentPostprocessing = 1;
		};
/* End PBXCopyFilesBuildPhase section */

/* Begin PBXFileReference section */
		CD1A98361CD0BD770035BB8B /* 数组（NSARRAY） */ = {isa = PBXFileReference; explicitFileType = "compiled.mach-o.executable"; includeInIndex = 0; path = "数组（NSARRAY）"; sourceTree = BUILT_PRODUCTS_DIR; };
		CD1A98391CD0BD770035BB8B /* main.m */ = {isa = PBXFileReference; lastKnownFileType = sourcecode.c.objc; path = main.m; sourceTree = "<group>"; };
/* End PBXFileReference section */

/* Begin PBXFrameworksBuildPhase section */
		CD1A98331CD0BD770035BB8B /* Frameworks */ = {
			isa = PBXFrameworksBuildPhase;
			buildActionMask = 2147483647;
			files = (
			);
			runOnlyForDeploymentPostprocessing = 0;
		};
/* End PBXFrameworksBuildPhase section */

/* Begin PBXGroup section */
		CD1A982D1CD0BD770035BB8B = {
			isa = PBXGroup;
			children = (
				CD1A98381CD0BD770035BB8B /* 数组（NSARRAY） */,
				CD1A98371CD0BD770035BB8B /* Products */,
			);
			sourceTree = "<group>";
		};
		CD1A98371CD0BD770035BB8B /* Products */ = {
			isa = PBXGroup;
			children = (
				CD1A98361CD0BD770035BB8B /* 数组（NSARRAY） */,
			);
			name = Products;
			sourceTree = "<group>";
		};
		CD1A98381CD0BD770035BB8B /* 数组（NSARRAY） */ = {
			isa = PBXGroup;
			children = (
				CD1A98391CD0BD770035BB8B /* main.m */,
			);
			path = "数组（NSARRAY）";
			sourceTree = "<group>";
		};
/* End PBXGroup section */

/* Begin PBXNativeTarget section */
		CD1A98351CD0BD770035BB8B /* 数组（NSARRAY） */ = {
			isa = PBXNativeTarget;
			buildConfigurationList = CD1A983D1CD0BD770035BB8B /* Build configuration list for PBXNativeTarget "数组（NSARRAY）" */;
			buildPhases = (
				CD1A98321CD0BD770035BB8B /* Sources */,
				CD1A98331CD0BD770035BB8B /* Frameworks */,
				CD1A98341CD0BD770035BB8B /* CopyFiles */,
			);
			buildRules = (
			);
			dependencies = (
			);
			name = "数组（NSARRAY）";
			productName = "数组（NSARRAY）";
			productReference = CD1A98361CD0BD770035BB8B /* 数组（NSARRAY） */;
			productType = "com.apple.product-type.tool";
		};
/* End PBXNativeTarget section */

/* Begin PBXProject section */
		CD1A982E1CD0BD770035BB8B /* Project object */ = {
			isa = PBXProject;
			attributes = {
				LastUpgradeCheck = 0720;
				ORGANIZATIONNAME = lwb;
				TargetAttributes = {
					CD1A98351CD0BD770035BB8B = {
						CreatedOnToolsVersion = 7.2;
					};
				};
			};
			buildConfigurationList = CD1A98311CD0BD770035BB8B /* Build configuration list for PBXProject "数组（NSARRAY）" */;
			compatibilityVersion = "Xcode 3.2";
			developmentRegion = English;
			hasScannedForEncodings = 0;
			knownRegions = (
				en,
			);
			mainGroup = CD1A982D1CD0BD770035BB8B;
			productRefGroup = CD1A98371CD0BD770035BB8B /* Products */;
			projectDirPath = "";
			projectRoot = "";
			targets = (
				CD1A98351CD0BD770035BB8B /* 数组（NSARRAY） */,
			);
		};
/* End PBXProject section */

/* Begin PBXSourcesBuildPhase section */
		CD1A98321CD0BD770035BB8B /* Sources */ = {
			isa = PBXSourcesBuildPhase;
			buildActionMask = 2147483647;
			files = (
				CD1A983A1CD0BD770035BB8B /* main.m in Sources */,
			);
			runOnlyForDeploymentPostprocessing = 0;
		};
/* End PBXSourcesBuildPhase section */

/* Begin XCBuildConfiguration section */
		CD1A983B1CD0BD770035BB8B /* Debug */ = {
			isa = XCBuildConfiguration;
			buildSettings = {
				ALWAYS_SEARCH_USER_PATHS = NO;
				CLANG_CXX_LANGUAGE_STANDARD = "gnu++0x";
				CLANG_CXX_LIBRARY = "libc++";
				CLANG_ENABLE_MODULES = YES;
				CLANG_ENABLE_OBJC_ARC = YES;
				CLANG_WARN_BOOL_CONVERSION = YES;
				CLANG_WARN_CONSTANT_CONVERSION = YES;
				CLANG_WARN_DIRECT_OBJC_ISA_USAGE = YES_ERROR;
				CLANG_WARN_EMPTY_BODY = YES;
				CLANG_WARN_ENUM_CONVERSION = YES;
				CLANG_WARN_INT_CONVERSION = YES;
				CLANG_WARN_OBJC_ROOT_CLASS = YES_ERROR;
				CLANG_WARN_UNREACHABLE_CODE = YES;
				CLANG_WARN__DUPLICATE_METHOD_MATCH = YES;
				CODE_SIGN_IDENTITY = "-";
				COPY_PHASE_STRIP = NO;
				DEBUG_INFORMATION_FORMAT = dwarf;
				ENABLE_STRICT_OBJC_MSGSEND = YES;
				ENABLE_TESTABILITY = YES;
				GCC_C_LANGUAGE_STANDARD = gnu99;
				GCC_DYNAMIC_NO_PIC = NO;
				GCC_NO_COMMON_BLOCKS = YES;
				GCC_OPTIMIZATION_LEVEL = 0;
				GCC_PREPROCESSOR_DEFINITIONS = (
					"DEBUG=1",
					"$(inherited)",
				);
				GCC_WARN_64_TO_32_BIT_CONVERSION = YES;
				GCC_WARN_ABOUT_RETURN_TYPE = YES_ERROR;
				GCC_WARN_UNDECLARED_SELECTOR = YES;
				GCC_WARN_UNINITIALIZED_AUTOS = YES_AGGRESSIVE;
				GCC_WARN_UNUSED_FUNCTION = YES;
				GCC_WARN_UNUSED_VARIABLE = YES;
				MACOSX_DEPLOYMENT_TARGET = 10.10;
				MTL_ENABLE_DEBUG_INFO = YES;
				ONLY_ACTIVE_ARCH = YES;
				SDKROOT = macosx;
			};
			name = Debug;
		};
		CD1A983C1CD0BD770035BB8B /* Release */ = {
			isa = XCBuildConfiguration;
			buildSettings = {
				ALWAYS_SEARCH_USER_PATHS = NO;
				CLANG_CXX_LANGUAGE_STANDARD = "gnu++0x";
				CLANG_CXX_LIBRARY = "libc++";
				CLANG_ENABLE_MODULES = YES;
				CLANG_ENABLE_OBJC_ARC = YES;
				CLANG_WARN_BOOL_CONVERSION = YES;
				CLANG_WARN_CONSTANT_CONVERSION = YES;
				CLANG_WARN_DIRECT_OBJC_ISA_USAGE = YES_ERROR;
				CLANG_WARN_EMPTY_BODY = YES;
				CLANG_WARN_ENUM_CONVERSION = YES;
				CLANG_WARN_INT_CONVERSION = YES;
				CLANG_WARN_OBJC_ROOT_CLASS = YES_ERROR;
				CLANG_WARN_UNREACHABLE_CODE = YES;
				CLANG_WARN__DUPLICATE_METHOD_MATCH = YES;
				CODE_SIGN_IDENTITY = "-";
				COPY_PHASE_STRIP = NO;
				DEBUG_INFORMATION_FORMAT = "dwarf-with-dsym";
				ENABLE_NS_ASSERTIONS = NO;
				ENABLE_STRICT_OBJC_MSGSEND = YES;
				GCC_C_LANGUAGE_STANDARD = gnu99;
				GCC_NO_COMMON_BLOCKS = YES;
				GCC_WARN_64_TO_32_BIT_CONVERSION = YES;
				GCC_WARN_ABOUT_RETURN_TYPE = YES_ERROR;
				GCC_WARN_UNDECLARED_SELECTOR = YES;
				GCC_WARN_UNINITIALIZED_AUTOS = YES_AGGRESSIVE;
				GCC_WARN_UNUSED_FUNCTION = YES;
				GCC_WARN_UNUSED_VARIABLE = YES;
				MACOSX_DEPLOYMENT_TARGET = 10.10;
				MTL_ENABLE_DEBUG_INFO = NO;
				SDKROOT = macosx;
			};
			name = Release;
		};
		CD1A983E1CD0BD770035BB8B /* Debug */ = {
			isa = XCBuildConfiguration;
			buildSettings = {
				PRODUCT_NAME = "$(TARGET_NAME)";
			};
			name = Debug;
		};
		CD1A983F1CD0BD770035BB8B /* Release */ = {
			isa = XCBuildConfiguration;
			buildSettings = {
				PRODUCT_NAME = "$(TARGET_NAME)";
			};
			name = Release;
		};
/* End XCBuildConfiguration section */

/* Begin XCConfigurationList section */
		CD1A98311CD0BD770035BB8B /* Build configuration list for PBXProject "数组（NSARRAY）" */ = {
			isa = XCConfigurationList;
			buildConfigurations = (
				CD1A983B1CD0BD770035BB8B /* Debug */,
				CD1A983C1CD0BD770035BB8B /* Release */,
			);
			defaultConfigurationIsVisible = 0;
			defaultConfigurationName = Release;
		};
		CD1A983D1CD0BD770035BB8B /* Build configuration list for PBXNativeTarget "数组（NSARRAY）" */ = {
			isa = XCConfigurationList;
			buildConfigurations = (
				CD1A983E1CD0BD770035BB8B /* Debug */,
				CD1A983F1CD0BD770035BB8B /* Release */,
			);
			defaultConfigurationIsVisible = 0;
		};
/* End XCConfigurationList section */
	};
	rootObject = CD1A982E1CD0BD770035BB8B /* Project object */;
}
