// !$*UTF8*$!
{
	archiveVersion = 1;
	classes = {
	};
	objectVersion = 46;
	objects = {

/* Begin PBXBuildFile section */
		CDFCCDBC1CD1A0B400B4F97D /* main.m in Sources */ = {isa = PBXBuildFile; fileRef = CDFCCDBB1CD1A0B400B4F97D /* main.m */; };
/* End PBXBuildFile section */

/* Begin PBXCopyFilesBuildPhase section */
		CDFCCDB61CD1A0B400B4F97D /* CopyFiles */ = {
			isa = PBXCopyFilesBuildPhase;
			buildActionMask = 2147483647;
			dstPath = /usr/share/man/man1/;
			dstSubfolderSpec = 0;
			files = (
			);
			runOnlyForDeploymentPostprocessing = 1;
		};
/* End PBXCopyFilesBuildPhase section */

/* Begin PBXFileReference section */
		CDFCCDB81CD1A0B400B4F97D /* NSMutableArray（可变数组） */ = {isa = PBXFileReference; explicitFileType = "compiled.mach-o.executable"; includeInIndex = 0; path = "NSMutableArray（可变数组）"; sourceTree = BUILT_PRODUCTS_DIR; };
		CDFCCDBB1CD1A0B400B4F97D /* main.m */ = {isa = PBXFileReference; lastKnownFileType = sourcecode.c.objc; path = main.m; sourceTree = "<group>"; };
/* End PBXFileReference section */

/* Begin PBXFrameworksBuildPhase section */
		CDFCCDB51CD1A0B400B4F97D /* Frameworks */ = {
			isa = PBXFrameworksBuildPhase;
			buildActionMask = 2147483647;
			files = (
			);
			runOnlyForDeploymentPostprocessing = 0;
		};
/* End PBXFrameworksBuildPhase section */

/* Begin PBXGroup section */
		CDFCCDAF1CD1A0B200B4F97D = {
			isa = PBXGroup;
			children = (
				CDFCCDBA1CD1A0B400B4F97D /* NSMutableArray（可变数组） */,
				CDFCCDB91CD1A0B400B4F97D /* Products */,
			);
			sourceTree = "<group>";
		};
		CDFCCDB91CD1A0B400B4F97D /* Products */ = {
			isa = PBXGroup;
			children = (
				CDFCCDB81CD1A0B400B4F97D /* NSMutableArray（可变数组） */,
			);
			name = Products;
			sourceTree = "<group>";
		};
		CDFCCDBA1CD1A0B400B4F97D /* NSMutableArray（可变数组） */ = {
			isa = PBXGroup;
			children = (
				CDFCCDBB1CD1A0B400B4F97D /* main.m */,
			);
			path = "NSMutableArray（可变数组）";
			sourceTree = "<group>";
		};
/* End PBXGroup section */

/* Begin PBXNativeTarget section */
		CDFCCDB71CD1A0B400B4F97D /* NSMutableArray（可变数组） */ = {
			isa = PBXNativeTarget;
			buildConfigurationList = CDFCCDBF1CD1A0B400B4F97D /* Build configuration list for PBXNativeTarget "NSMutableArray（可变数组）" */;
			buildPhases = (
				CDFCCDB41CD1A0B400B4F97D /* Sources */,
				CDFCCDB51CD1A0B400B4F97D /* Frameworks */,
				CDFCCDB61CD1A0B400B4F97D /* CopyFiles */,
			);
			buildRules = (
			);
			dependencies = (
			);
			name = "NSMutableArray（可变数组）";
			productName = "NSMutableArray（可变数组）";
			productReference = CDFCCDB81CD1A0B400B4F97D /* NSMutableArray（可变数组） */;
			productType = "com.apple.product-type.tool";
		};
/* End PBXNativeTarget section */

/* Begin PBXProject section */
		CDFCCDB01CD1A0B200B4F97D /* Project object */ = {
			isa = PBXProject;
			attributes = {
				LastUpgradeCheck = 0720;
				ORGANIZATIONNAME = lwb;
				TargetAttributes = {
					CDFCCDB71CD1A0B400B4F97D = {
						CreatedOnToolsVersion = 7.2;
					};
				};
			};
			buildConfigurationList = CDFCCDB31CD1A0B200B4F97D /* Build configuration list for PBXProject "NSMutableArray（可变数组）" */;
			compatibilityVersion = "Xcode 3.2";
			developmentRegion = English;
			hasScannedForEncodings = 0;
			knownRegions = (
				en,
			);
			mainGroup = CDFCCDAF1CD1A0B200B4F97D;
			productRefGroup = CDFCCDB91CD1A0B400B4F97D /* Products */;
			projectDirPath = "";
			projectRoot = "";
			targets = (
				CDFCCDB71CD1A0B400B4F97D /* NSMutableArray（可变数组） */,
			);
		};
/* End PBXProject section */

/* Begin PBXSourcesBuildPhase section */
		CDFCCDB41CD1A0B400B4F97D /* Sources */ = {
			isa = PBXSourcesBuildPhase;
			buildActionMask = 2147483647;
			files = (
				CDFCCDBC1CD1A0B400B4F97D /* main.m in Sources */,
			);
			runOnlyForDeploymentPostprocessing = 0;
		};
/* End PBXSourcesBuildPhase section */

/* Begin XCBuildConfiguration section */
		CDFCCDBD1CD1A0B400B4F97D /* Debug */ = {
			isa = XCBuildConfiguration;
			buildSettings = {
				ALWAYS_SEARCH_USER_PATHS = NO;
				CLANG_CXX_LANGUAGE_STANDARD = "gnu++0x";
				CLANG_CXX_LIBRARY = "libc++";
				CLANG_ENABLE_MODULES = YES;
				CLANG_ENABLE_OBJC_ARC = YES;
				CLANG_WARN_BOOL_CONVERSION = YES;
				CLANG_WARN_CONSTANT_CONVERSION = YES;
				CLANG_WARN_DIRECT_OBJC_ISA_USAGE = YES_ERROR;
				CLANG_WARN_EMPTY_BODY = YES;
				CLANG_WARN_ENUM_CONVERSION = YES;
				CLANG_WARN_INT_CONVERSION = YES;
				CLANG_WARN_OBJC_ROOT_CLASS = YES_ERROR;
				CLANG_WARN_UNREACHABLE_CODE = YES;
				CLANG_WARN__DUPLICATE_METHOD_MATCH = YES;
				CODE_SIGN_IDENTITY = "-";
				COPY_PHASE_STRIP = NO;
				DEBUG_INFORMATION_FORMAT = dwarf;
				ENABLE_STRICT_OBJC_MSGSEND = YES;
				ENABLE_TESTABILITY = YES;
				GCC_C_LANGUAGE_STANDARD = gnu99;
				GCC_DYNAMIC_NO_PIC = NO;
				GCC_NO_COMMON_BLOCKS = YES;
				GCC_OPTIMIZATION_LEVEL = 0;
				GCC_PREPROCESSOR_DEFINITIONS = (
					"DEBUG=1",
					"$(inherited)",
				);
				GCC_WARN_64_TO_32_BIT_CONVERSION = YES;
				GCC_WARN_ABOUT_RETURN_TYPE = YES_ERROR;
				GCC_WARN_UNDECLARED_SELECTOR = YES;
				GCC_WARN_UNINITIALIZED_AUTOS = YES_AGGRESSIVE;
				GCC_WARN_UNUSED_FUNCTION = YES;
				GCC_WARN_UNUSED_VARIABLE = YES;
				MACOSX_DEPLOYMENT_TARGET = 10.10;
				MTL_ENABLE_DEBUG_INFO = YES;
				ONLY_ACTIVE_ARCH = YES;
				SDKROOT = macosx;
			};
			name = Debug;
		};
		CDFCCDBE1CD1A0B400B4F97D /* Release */ = {
			isa = XCBuildConfiguration;
			buildSettings = {
				ALWAYS_SEARCH_USER_PATHS = NO;
				CLANG_CXX_LANGUAGE_STANDARD = "gnu++0x";
				CLANG_CXX_LIBRARY = "libc++";
				CLANG_ENABLE_MODULES = YES;
				CLANG_ENABLE_OBJC_ARC = YES;
				CLANG_WARN_BOOL_CONVERSION = YES;
				CLANG_WARN_CONSTANT_CONVERSION = YES;
				CLANG_WARN_DIRECT_OBJC_ISA_USAGE = YES_ERROR;
				CLANG_WARN_EMPTY_BODY = YES;
				CLANG_WARN_ENUM_CONVERSION = YES;
				CLANG_WARN_INT_CONVERSION = YES;
				CLANG_WARN_OBJC_ROOT_CLASS = YES_ERROR;
				CLANG_WARN_UNREACHABLE_CODE = YES;
				CLANG_WARN__DUPLICATE_METHOD_MATCH = YES;
				CODE_SIGN_IDENTITY = "-";
				COPY_PHASE_STRIP = NO;
				DEBUG_INFORMATION_FORMAT = "dwarf-with-dsym";
				ENABLE_NS_ASSERTIONS = NO;
				ENABLE_STRICT_OBJC_MSGSEND = YES;
				GCC_C_LANGUAGE_STANDARD = gnu99;
				GCC_NO_COMMON_BLOCKS = YES;
				GCC_WARN_64_TO_32_BIT_CONVERSION = YES;
				GCC_WARN_ABOUT_RETURN_TYPE = YES_ERROR;
				GCC_WARN_UNDECLARED_SELECTOR = YES;
				GCC_WARN_UNINITIALIZED_AUTOS = YES_AGGRESSIVE;
				GCC_WARN_UNUSED_FUNCTION = YES;
				GCC_WARN_UNUSED_VARIABLE = YES;
				MACOSX_DEPLOYMENT_TARGET = 10.10;
				MTL_ENABLE_DEBUG_INFO = NO;
				SDKROOT = macosx;
			};
			name = Release;
		};
		CDFCCDC01CD1A0B400B4F97D /* Debug */ = {
			isa = XCBuildConfiguration;
			buildSettings = {
				PRODUCT_NAME = "$(TARGET_NAME)";
			};
			name = Debug;
		};
		CDFCCDC11CD1A0B400B4F97D /* Release */ = {
			isa = XCBuildConfiguration;
			buildSettings = {
				PRODUCT_NAME = "$(TARGET_NAME)";
			};
			name = Release;
		};
/* End XCBuildConfiguration section */

/* Begin XCConfigurationList section */
		CDFCCDB31CD1A0B200B4F97D /* Build configuration list for PBXProject "NSMutableArray（可变数组）" */ = {
			isa = XCConfigurationList;
			buildConfigurations = (
				CDFCCDBD1CD1A0B400B4F97D /* Debug */,
				CDFCCDBE1CD1A0B400B4F97D /* Release */,
			);
			defaultConfigurationIsVisible = 0;
			defaultConfigurationName = Release;
		};
		CDFCCDBF1CD1A0B400B4F97D /* Build configuration list for PBXNativeTarget "NSMutableArray（可变数组）" */ = {
			isa = XCConfigurationList;
			buildConfigurations = (
				CDFCCDC01CD1A0B400B4F97D /* Debug */,
				CDFCCDC11CD1A0B400B4F97D /* Release */,
			);
			defaultConfigurationIsVisible = 0;
		};
/* End XCConfigurationList section */
	};
	rootObject = CDFCCDB01CD1A0B200B4F97D /* Project object */;
}
